
Microsoft Visual Studio Solution File, Format Version 12.00
# Visual Studio Version 17
VisualStudioVersion = 17.11.35312.102
MinimumVisualStudioVersion = 10.0.40219.1
Project("{9A19103F-16F7-4668-BE54-9A1E7A4F7556}") = "ATM.DAL", "ATM.DAL\ATM.DAL.csproj", "{67E36DCB-9870-4680-9C18-0B9CC10BDD3D}"
EndProject
Project("{9A19103F-16F7-4668-BE54-9A1E7A4F7556}") = "ATM.BL", "ATM.BL\ATM.BL.csproj", "{8F2E7954-C9CB-4B54-B279-012FF727D5BB}"
EndProject
Project("{9A19103F-16F7-4668-BE54-9A1E7A4F7556}") = "ATM.MVC", "ATM.MVC\ATM.MVC.csproj", "{79C14DC7-B194-4456-8B21-EF1031DC2E2D}"
EndProject
Project("{9A19103F-16F7-4668-BE54-9A1E7A4F7556}") = "ATM.EN", "ATM.EN\ATM.EN.csproj", "{8A348D54-1E10-4177-8203-DD4C8BE6716A}"
EndProject
Global
	GlobalSection(SolutionConfigurationPlatforms) = preSolution
		Debug|Any CPU = Debug|Any CPU
		Release|Any CPU = Release|Any CPU
	EndGlobalSection
	GlobalSection(ProjectConfigurationPlatforms) = postSolution
		{67E36DCB-9870-4680-9C18-0B9CC10BDD3D}.Debug|Any CPU.ActiveCfg = Debug|Any CPU
		{67E36DCB-9870-4680-9C18-0B9CC10BDD3D}.Debug|Any CPU.Build.0 = Debug|Any CPU
		{67E36DCB-9870-4680-9C18-0B9CC10BDD3D}.Release|Any CPU.ActiveCfg = Release|Any CPU
		{67E36DCB-9870-4680-9C18-0B9CC10BDD3D}.Release|Any CPU.Build.0 = Release|Any CPU
		{8F2E7954-C9CB-4B54-B279-012FF727D5BB}.Debug|Any CPU.ActiveCfg = Debug|Any CPU
		{8F2E7954-C9CB-4B54-B279-012FF727D5BB}.Debug|Any CPU.Build.0 = Debug|Any CPU
		{8F2E7954-C9CB-4B54-B279-012FF727D5BB}.Release|Any CPU.ActiveCfg = Release|Any CPU
		{8F2E7954-C9CB-4B54-B279-012FF727D5BB}.Release|Any CPU.Build.0 = Release|Any CPU
		{79C14DC7-B194-4456-8B21-EF1031DC2E2D}.Debug|Any CPU.ActiveCfg = Debug|Any CPU
		{79C14DC7-B194-4456-8B21-EF1031DC2E2D}.Debug|Any CPU.Build.0 = Debug|Any CPU
		{79C14DC7-B194-4456-8B21-EF1031DC2E2D}.Release|Any CPU.ActiveCfg = Release|Any CPU
		{79C14DC7-B194-4456-8B21-EF1031DC2E2D}.Release|Any CPU.Build.0 = Release|Any CPU
		{8A348D54-1E10-4177-8203-DD4C8BE6716A}.Debug|Any CPU.ActiveCfg = Debug|Any CPU
		{8A348D54-1E10-4177-8203-DD4C8BE6716A}.Debug|Any CPU.Build.0 = Debug|Any CPU
		{8A348D54-1E10-4177-8203-DD4C8BE6716A}.Release|Any CPU.ActiveCfg = Release|Any CPU
		{8A348D54-1E10-4177-8203-DD4C8BE6716A}.Release|Any CPU.Build.0 = Release|Any CPU
	EndGlobalSection
	GlobalSection(SolutionProperties) = preSolution
		HideSolutionNode = FALSE
	EndGlobalSection
	GlobalSection(ExtensibilityGlobals) = postSolution
		SolutionGuid = {7366A597-FA3E-448D-8E1E-4773CFB000C7}
	EndGlobalSection
EndGlobal
